
Microsoft Visual Studio Solution File, Format Version 12.00
# Visual Studio Version 16
VisualStudioVersion = 16.0.29509.3
MinimumVisualStudioVersion = 10.0.40219.1
Project("{FAE04EC0-301F-11D3-BF4B-00C04F79EFBC}") = "SalarySheet", "Practica 6\SalarySheet.csproj", "{080D8489-70D0-4ACC-9AFD-82CDF6BA79C1}"
EndProject
Global
	GlobalSection(SolutionConfigurationPlatforms) = preSolution
		Debug|Any CPU = Debug|Any CPU
		Release|Any CPU = Release|Any CPU
	EndGlobalSection
	GlobalSection(ProjectConfigurationPlatforms) = postSolution
		{080D8489-70D0-4ACC-9AFD-82CDF6BA79C1}.Debug|Any CPU.ActiveCfg = Debug|Any CPU
		{080D8489-70D0-4ACC-9AFD-82CDF6BA79C1}.Debug|Any CPU.Build.0 = Debug|Any CPU
		{080D8489-70D0-4ACC-9AFD-82CDF6BA79C1}.Release|Any CPU.ActiveCfg = Release|Any CPU
		{080D8489-70D0-4ACC-9AFD-82CDF6BA79C1}.Release|Any CPU.Build.0 = Release|Any CPU
	EndGlobalSection
	GlobalSection(SolutionProperties) = preSolution
		HideSolutionNode = FALSE
	EndGlobalSection
	GlobalSection(ExtensibilityGlobals) = postSolution
		SolutionGuid = {E5AE7550-45AE-460D-90B4-B9951E4C76BF}
	EndGlobalSection
EndGlobal
